
Microsoft Visual Studio Solution File, Format Version 12.00
# Visual Studio Version 17
VisualStudioVersion = 17.1.32120.378
MinimumVisualStudioVersion = 10.0.40219.1
Project("{2150E333-8FDC-42A3-9474-1A3956D46DE8}") = "Vendor Files", "Vendor Files", "{30CE0DE4-2ACF-4D79-B46D-5802D63D3DCF}"
	ProjectSection(SolutionItems) = preProject
		external\vendor\Amethyst_API_Devices.h = external\vendor\Amethyst_API_Devices.h
	EndProjectSection
EndProject
Project("{2150E333-8FDC-42A3-9474-1A3956D46DE8}") = "Projection", "Projection", "{5F71E84A-FCE8-4CE8-B505-9492AF48D236}"
EndProject
Project("{2150E333-8FDC-42A3-9474-1A3956D46DE8}") = "Wrappers", "Wrappers", "{68865B0D-7F13-42F7-AE50-B36C1CF0088A}"
EndProject
Project("{2150E333-8FDC-42A3-9474-1A3956D46DE8}") = "Devices", "Devices", "{219D6C0C-41B7-43CF-B9BC-BF6044B1455D}"
EndProject
Project("{8BC9CEB8-8B4A-11D0-8D11-00A0C91BC942}") = "Amethyst_API_Managed_Kinect", "Amethyst_API_Managed_Kinect\Amethyst_API_Managed_Kinect.vcxproj", "{7F2F50D1-C2D6-45D4-9E04-DDDB96EA8AD4}"
EndProject
Project("{8BC9CEB8-8B4A-11D0-8D11-00A0C91BC942}") = "Amethyst_API_Managed_Joints", "Amethyst_API_Managed_Joints\Amethyst_API_Managed_Joints.vcxproj", "{035D6CF5-FC9D-409E-89BF-AB737BB43DE0}"
EndProject
Project("{8BC9CEB8-8B4A-11D0-8D11-00A0C91BC942}") = "device_Managed_JointsBasis", "device_Managed_JointsBasis\device_Managed_JointsBasis.vcxproj", "{92D93851-7802-4B31-ACFD-C9D75A8D741B}"
EndProject
Project("{8BC9CEB8-8B4A-11D0-8D11-00A0C91BC942}") = "device_Managed_SkeletonBasis", "device_Managed_SkeletonBasis\device_Managed_SkeletonBasis.vcxproj", "{55E55113-2654-4763-AD18-D6217C59F5B5}"
EndProject
Project("{9A19103F-16F7-4668-BE54-9A1E7A4F7556}") = "Managed_SkeletonBasis_Handler", "Managed_SkeletonBasis_Handler\Managed_SkeletonBasis_Handler.csproj", "{A5E4F998-8739-4165-9317-2D0B049BA3DA}"
EndProject
Project("{9A19103F-16F7-4668-BE54-9A1E7A4F7556}") = "Managed_JointsBasis_Handler", "Managed_JointsBasis_Handler\Managed_JointsBasis_Handler.csproj", "{5254558D-C06E-4582-8BE2-F93AA2C8F457}"
EndProject
Project("{9A19103F-16F7-4668-BE54-9A1E7A4F7556}") = "Managed_Spectator_Handler", "Managed_Spectator_Handler\Managed_Spectator_Handler.csproj", "{B4C2268C-DD9A-4FE7-A503-97896D43F51E}"
EndProject
Project("{8BC9CEB8-8B4A-11D0-8D11-00A0C91BC942}") = "Amethyst_API_Managed_Spectator", "Amethyst_API_Managed_Spectator\Amethyst_API_Managed_Spectator.vcxproj", "{E196EFB7-1527-4A21-8C5E-1D39292A54B8}"
EndProject
Project("{8BC9CEB8-8B4A-11D0-8D11-00A0C91BC942}") = "device_Managed_Spectator", "device_Managed_Spectator\device_Managed_Spectator.vcxproj", "{612F27DB-52F9-40ED-A0CB-4650B94D5F5F}"
EndProject
Global
	GlobalSection(SolutionConfigurationPlatforms) = preSolution
		Debug|x64 = Debug|x64
		Debug|x86 = Debug|x86
		Release|x64 = Release|x64
		Release|x86 = Release|x86
	EndGlobalSection
	GlobalSection(ProjectConfigurationPlatforms) = postSolution
		{7F2F50D1-C2D6-45D4-9E04-DDDB96EA8AD4}.Debug|x64.ActiveCfg = Debug|x64
		{7F2F50D1-C2D6-45D4-9E04-DDDB96EA8AD4}.Debug|x64.Build.0 = Debug|x64
		{7F2F50D1-C2D6-45D4-9E04-DDDB96EA8AD4}.Debug|x86.ActiveCfg = Debug|Win32
		{7F2F50D1-C2D6-45D4-9E04-DDDB96EA8AD4}.Debug|x86.Build.0 = Debug|Win32
		{7F2F50D1-C2D6-45D4-9E04-DDDB96EA8AD4}.Release|x64.ActiveCfg = Release|x64
		{7F2F50D1-C2D6-45D4-9E04-DDDB96EA8AD4}.Release|x64.Build.0 = Release|x64
		{7F2F50D1-C2D6-45D4-9E04-DDDB96EA8AD4}.Release|x86.ActiveCfg = Release|Win32
		{7F2F50D1-C2D6-45D4-9E04-DDDB96EA8AD4}.Release|x86.Build.0 = Release|Win32
		{035D6CF5-FC9D-409E-89BF-AB737BB43DE0}.Debug|x64.ActiveCfg = Debug|x64
		{035D6CF5-FC9D-409E-89BF-AB737BB43DE0}.Debug|x64.Build.0 = Debug|x64
		{035D6CF5-FC9D-409E-89BF-AB737BB43DE0}.Debug|x86.ActiveCfg = Debug|Win32
		{035D6CF5-FC9D-409E-89BF-AB737BB43DE0}.Debug|x86.Build.0 = Debug|Win32
		{035D6CF5-FC9D-409E-89BF-AB737BB43DE0}.Release|x64.ActiveCfg = Release|x64
		{035D6CF5-FC9D-409E-89BF-AB737BB43DE0}.Release|x64.Build.0 = Release|x64
		{035D6CF5-FC9D-409E-89BF-AB737BB43DE0}.Release|x86.ActiveCfg = Release|Win32
		{035D6CF5-FC9D-409E-89BF-AB737BB43DE0}.Release|x86.Build.0 = Release|Win32
		{92D93851-7802-4B31-ACFD-C9D75A8D741B}.Debug|x64.ActiveCfg = Debug|x64
		{92D93851-7802-4B31-ACFD-C9D75A8D741B}.Debug|x64.Build.0 = Debug|x64
		{92D93851-7802-4B31-ACFD-C9D75A8D741B}.Debug|x86.ActiveCfg = Debug|Win32
		{92D93851-7802-4B31-ACFD-C9D75A8D741B}.Debug|x86.Build.0 = Debug|Win32
		{92D93851-7802-4B31-ACFD-C9D75A8D741B}.Release|x64.ActiveCfg = Release|x64
		{92D93851-7802-4B31-ACFD-C9D75A8D741B}.Release|x64.Build.0 = Release|x64
		{92D93851-7802-4B31-ACFD-C9D75A8D741B}.Release|x86.ActiveCfg = Release|Win32
		{92D93851-7802-4B31-ACFD-C9D75A8D741B}.Release|x86.Build.0 = Release|Win32
		{55E55113-2654-4763-AD18-D6217C59F5B5}.Debug|x64.ActiveCfg = Debug|x64
		{55E55113-2654-4763-AD18-D6217C59F5B5}.Debug|x64.Build.0 = Debug|x64
		{55E55113-2654-4763-AD18-D6217C59F5B5}.Debug|x86.ActiveCfg = Debug|Win32
		{55E55113-2654-4763-AD18-D6217C59F5B5}.Debug|x86.Build.0 = Debug|Win32
		{55E55113-2654-4763-AD18-D6217C59F5B5}.Release|x64.ActiveCfg = Release|x64
		{55E55113-2654-4763-AD18-D6217C59F5B5}.Release|x64.Build.0 = Release|x64
		{55E55113-2654-4763-AD18-D6217C59F5B5}.Release|x86.ActiveCfg = Release|Win32
		{55E55113-2654-4763-AD18-D6217C59F5B5}.Release|x86.Build.0 = Release|Win32
		{A5E4F998-8739-4165-9317-2D0B049BA3DA}.Debug|x64.ActiveCfg = Debug|x64
		{A5E4F998-8739-4165-9317-2D0B049BA3DA}.Debug|x64.Build.0 = Debug|x64
		{A5E4F998-8739-4165-9317-2D0B049BA3DA}.Debug|x86.ActiveCfg = Debug|x64
		{A5E4F998-8739-4165-9317-2D0B049BA3DA}.Debug|x86.Build.0 = Debug|x64
		{A5E4F998-8739-4165-9317-2D0B049BA3DA}.Release|x64.ActiveCfg = Release|x64
		{A5E4F998-8739-4165-9317-2D0B049BA3DA}.Release|x64.Build.0 = Release|x64
		{A5E4F998-8739-4165-9317-2D0B049BA3DA}.Release|x86.ActiveCfg = Release|x64
		{A5E4F998-8739-4165-9317-2D0B049BA3DA}.Release|x86.Build.0 = Release|x64
		{5254558D-C06E-4582-8BE2-F93AA2C8F457}.Debug|x64.ActiveCfg = Debug|x64
		{5254558D-C06E-4582-8BE2-F93AA2C8F457}.Debug|x64.Build.0 = Debug|x64
		{5254558D-C06E-4582-8BE2-F93AA2C8F457}.Debug|x86.ActiveCfg = Debug|x64
		{5254558D-C06E-4582-8BE2-F93AA2C8F457}.Debug|x86.Build.0 = Debug|x64
		{5254558D-C06E-4582-8BE2-F93AA2C8F457}.Release|x64.ActiveCfg = Release|x64
		{5254558D-C06E-4582-8BE2-F93AA2C8F457}.Release|x64.Build.0 = Release|x64
		{5254558D-C06E-4582-8BE2-F93AA2C8F457}.Release|x86.ActiveCfg = Release|x64
		{5254558D-C06E-4582-8BE2-F93AA2C8F457}.Release|x86.Build.0 = Release|x64
		{B4C2268C-DD9A-4FE7-A503-97896D43F51E}.Debug|x64.ActiveCfg = Debug|x64
		{B4C2268C-DD9A-4FE7-A503-97896D43F51E}.Debug|x64.Build.0 = Debug|x64
		{B4C2268C-DD9A-4FE7-A503-97896D43F51E}.Debug|x86.ActiveCfg = Debug|x64
		{B4C2268C-DD9A-4FE7-A503-97896D43F51E}.Debug|x86.Build.0 = Debug|x64
		{B4C2268C-DD9A-4FE7-A503-97896D43F51E}.Release|x64.ActiveCfg = Release|x64
		{B4C2268C-DD9A-4FE7-A503-97896D43F51E}.Release|x64.Build.0 = Release|x64
		{B4C2268C-DD9A-4FE7-A503-97896D43F51E}.Release|x86.ActiveCfg = Release|x64
		{B4C2268C-DD9A-4FE7-A503-97896D43F51E}.Release|x86.Build.0 = Release|x64
		{E196EFB7-1527-4A21-8C5E-1D39292A54B8}.Debug|x64.ActiveCfg = Debug|x64
		{E196EFB7-1527-4A21-8C5E-1D39292A54B8}.Debug|x64.Build.0 = Debug|x64
		{E196EFB7-1527-4A21-8C5E-1D39292A54B8}.Debug|x86.ActiveCfg = Debug|Win32
		{E196EFB7-1527-4A21-8C5E-1D39292A54B8}.Debug|x86.Build.0 = Debug|Win32
		{E196EFB7-1527-4A21-8C5E-1D39292A54B8}.Release|x64.ActiveCfg = Release|x64
		{E196EFB7-1527-4A21-8C5E-1D39292A54B8}.Release|x64.Build.0 = Release|x64
		{E196EFB7-1527-4A21-8C5E-1D39292A54B8}.Release|x86.ActiveCfg = Release|Win32
		{E196EFB7-1527-4A21-8C5E-1D39292A54B8}.Release|x86.Build.0 = Release|Win32
		{612F27DB-52F9-40ED-A0CB-4650B94D5F5F}.Debug|x64.ActiveCfg = Debug|x64
		{612F27DB-52F9-40ED-A0CB-4650B94D5F5F}.Debug|x64.Build.0 = Debug|x64
		{612F27DB-52F9-40ED-A0CB-4650B94D5F5F}.Debug|x86.ActiveCfg = Debug|Win32
		{612F27DB-52F9-40ED-A0CB-4650B94D5F5F}.Debug|x86.Build.0 = Debug|Win32
		{612F27DB-52F9-40ED-A0CB-4650B94D5F5F}.Release|x64.ActiveCfg = Release|x64
		{612F27DB-52F9-40ED-A0CB-4650B94D5F5F}.Release|x64.Build.0 = Release|x64
		{612F27DB-52F9-40ED-A0CB-4650B94D5F5F}.Release|x86.ActiveCfg = Release|Win32
		{612F27DB-52F9-40ED-A0CB-4650B94D5F5F}.Release|x86.Build.0 = Release|Win32
	EndGlobalSection
	GlobalSection(SolutionProperties) = preSolution
		HideSolutionNode = FALSE
	EndGlobalSection
	GlobalSection(NestedProjects) = preSolution
		{68865B0D-7F13-42F7-AE50-B36C1CF0088A} = {5F71E84A-FCE8-4CE8-B505-9492AF48D236}
		{219D6C0C-41B7-43CF-B9BC-BF6044B1455D} = {5F71E84A-FCE8-4CE8-B505-9492AF48D236}
		{7F2F50D1-C2D6-45D4-9E04-DDDB96EA8AD4} = {68865B0D-7F13-42F7-AE50-B36C1CF0088A}
		{035D6CF5-FC9D-409E-89BF-AB737BB43DE0} = {68865B0D-7F13-42F7-AE50-B36C1CF0088A}
		{92D93851-7802-4B31-ACFD-C9D75A8D741B} = {219D6C0C-41B7-43CF-B9BC-BF6044B1455D}
		{55E55113-2654-4763-AD18-D6217C59F5B5} = {219D6C0C-41B7-43CF-B9BC-BF6044B1455D}
		{E196EFB7-1527-4A21-8C5E-1D39292A54B8} = {68865B0D-7F13-42F7-AE50-B36C1CF0088A}
		{612F27DB-52F9-40ED-A0CB-4650B94D5F5F} = {219D6C0C-41B7-43CF-B9BC-BF6044B1455D}
	EndGlobalSection
	GlobalSection(ExtensibilityGlobals) = postSolution
		SolutionGuid = {9411624B-A89A-4235-A7E9-E3748C7BEB01}
	EndGlobalSection
EndGlobal
