
Microsoft Visual Studio Solution File, Format Version 12.00
# Visual Studio Version 17
VisualStudioVersion = 17.1.32120.378
MinimumVisualStudioVersion = 10.0.40219.1
Project("{8BC9CEB8-8B4A-11D0-8D11-00A0C91BC942}") = "device_Spectator", "device_Spectator\device_Spectator.vcxproj", "{E2271632-A2B4-4D77-8340-B9F54F67EE30}"
EndProject
Project("{8BC9CEB8-8B4A-11D0-8D11-00A0C91BC942}") = "device_KinectBasis_Basic", "device_KinectBasis_Basic\device_KinectBasis_Basic.vcxproj", "{2A4DA772-24D2-4A30-95D8-8AF17B31A041}"
EndProject
Project("{8BC9CEB8-8B4A-11D0-8D11-00A0C91BC942}") = "device_KinectBasis_Full", "device_KinectBasis_Full\device_KinectBasis_Full.vcxproj", "{0FB1E875-CBC0-48C4-B670-A6BFAD3A7B04}"
EndProject
Project("{8BC9CEB8-8B4A-11D0-8D11-00A0C91BC942}") = "device_KinectBasis_Simple", "device_KinectBasis_Simple\device_KinectBasis_Simple.vcxproj", "{D454B8CD-81CD-4D3D-B5C1-3D182468B361}"
EndProject
Project("{8BC9CEB8-8B4A-11D0-8D11-00A0C91BC942}") = "device_JointsBasis", "device_JointsBasis\device_JointsBasis.vcxproj", "{6CD0605D-B492-43DC-B952-9B3CBA809AF9}"
EndProject
Project("{2150E333-8FDC-42A3-9474-1A3956D46DE8}") = "vendor", "vendor", "{30CE0DE4-2ACF-4D79-B46D-5802D63D3DCF}"
	ProjectSection(SolutionItems) = preProject
		external\vendor\KinectToVR_API_Devices.h = external\vendor\KinectToVR_API_Devices.h
	EndProjectSection
EndProject
Project("{8BC9CEB8-8B4A-11D0-8D11-00A0C91BC942}") = "device_KinectBasis_Full_Settings", "device_KinectBasis_Full_Settings\device_KinectBasis_Full_Settings.vcxproj", "{EADA45D7-36D0-4425-ABDE-72A21E00AFFA}"
EndProject
Global
	GlobalSection(SolutionConfigurationPlatforms) = preSolution
		Debug|x64 = Debug|x64
		Debug|x86 = Debug|x86
		Release|x64 = Release|x64
		Release|x86 = Release|x86
	EndGlobalSection
	GlobalSection(ProjectConfigurationPlatforms) = postSolution
		{E2271632-A2B4-4D77-8340-B9F54F67EE30}.Debug|x64.ActiveCfg = Debug|x64
		{E2271632-A2B4-4D77-8340-B9F54F67EE30}.Debug|x64.Build.0 = Debug|x64
		{E2271632-A2B4-4D77-8340-B9F54F67EE30}.Debug|x86.ActiveCfg = Debug|Win32
		{E2271632-A2B4-4D77-8340-B9F54F67EE30}.Debug|x86.Build.0 = Debug|Win32
		{E2271632-A2B4-4D77-8340-B9F54F67EE30}.Release|x64.ActiveCfg = Release|x64
		{E2271632-A2B4-4D77-8340-B9F54F67EE30}.Release|x64.Build.0 = Release|x64
		{E2271632-A2B4-4D77-8340-B9F54F67EE30}.Release|x86.ActiveCfg = Release|Win32
		{E2271632-A2B4-4D77-8340-B9F54F67EE30}.Release|x86.Build.0 = Release|Win32
		{2A4DA772-24D2-4A30-95D8-8AF17B31A041}.Debug|x64.ActiveCfg = Debug|x64
		{2A4DA772-24D2-4A30-95D8-8AF17B31A041}.Debug|x64.Build.0 = Debug|x64
		{2A4DA772-24D2-4A30-95D8-8AF17B31A041}.Debug|x86.ActiveCfg = Debug|Win32
		{2A4DA772-24D2-4A30-95D8-8AF17B31A041}.Debug|x86.Build.0 = Debug|Win32
		{2A4DA772-24D2-4A30-95D8-8AF17B31A041}.Release|x64.ActiveCfg = Release|x64
		{2A4DA772-24D2-4A30-95D8-8AF17B31A041}.Release|x64.Build.0 = Release|x64
		{2A4DA772-24D2-4A30-95D8-8AF17B31A041}.Release|x86.ActiveCfg = Release|Win32
		{2A4DA772-24D2-4A30-95D8-8AF17B31A041}.Release|x86.Build.0 = Release|Win32
		{0FB1E875-CBC0-48C4-B670-A6BFAD3A7B04}.Debug|x64.ActiveCfg = Debug|x64
		{0FB1E875-CBC0-48C4-B670-A6BFAD3A7B04}.Debug|x64.Build.0 = Debug|x64
		{0FB1E875-CBC0-48C4-B670-A6BFAD3A7B04}.Debug|x86.ActiveCfg = Debug|Win32
		{0FB1E875-CBC0-48C4-B670-A6BFAD3A7B04}.Debug|x86.Build.0 = Debug|Win32
		{0FB1E875-CBC0-48C4-B670-A6BFAD3A7B04}.Release|x64.ActiveCfg = Release|x64
		{0FB1E875-CBC0-48C4-B670-A6BFAD3A7B04}.Release|x64.Build.0 = Release|x64
		{0FB1E875-CBC0-48C4-B670-A6BFAD3A7B04}.Release|x86.ActiveCfg = Release|Win32
		{0FB1E875-CBC0-48C4-B670-A6BFAD3A7B04}.Release|x86.Build.0 = Release|Win32
		{D454B8CD-81CD-4D3D-B5C1-3D182468B361}.Debug|x64.ActiveCfg = Debug|x64
		{D454B8CD-81CD-4D3D-B5C1-3D182468B361}.Debug|x64.Build.0 = Debug|x64
		{D454B8CD-81CD-4D3D-B5C1-3D182468B361}.Debug|x86.ActiveCfg = Debug|Win32
		{D454B8CD-81CD-4D3D-B5C1-3D182468B361}.Debug|x86.Build.0 = Debug|Win32
		{D454B8CD-81CD-4D3D-B5C1-3D182468B361}.Release|x64.ActiveCfg = Release|x64
		{D454B8CD-81CD-4D3D-B5C1-3D182468B361}.Release|x64.Build.0 = Release|x64
		{D454B8CD-81CD-4D3D-B5C1-3D182468B361}.Release|x86.ActiveCfg = Release|Win32
		{D454B8CD-81CD-4D3D-B5C1-3D182468B361}.Release|x86.Build.0 = Release|Win32
		{6CD0605D-B492-43DC-B952-9B3CBA809AF9}.Debug|x64.ActiveCfg = Debug|x64
		{6CD0605D-B492-43DC-B952-9B3CBA809AF9}.Debug|x64.Build.0 = Debug|x64
		{6CD0605D-B492-43DC-B952-9B3CBA809AF9}.Debug|x86.ActiveCfg = Debug|Win32
		{6CD0605D-B492-43DC-B952-9B3CBA809AF9}.Debug|x86.Build.0 = Debug|Win32
		{6CD0605D-B492-43DC-B952-9B3CBA809AF9}.Release|x64.ActiveCfg = Release|x64
		{6CD0605D-B492-43DC-B952-9B3CBA809AF9}.Release|x64.Build.0 = Release|x64
		{6CD0605D-B492-43DC-B952-9B3CBA809AF9}.Release|x86.ActiveCfg = Release|Win32
		{6CD0605D-B492-43DC-B952-9B3CBA809AF9}.Release|x86.Build.0 = Release|Win32
		{EADA45D7-36D0-4425-ABDE-72A21E00AFFA}.Debug|x64.ActiveCfg = Debug|x64
		{EADA45D7-36D0-4425-ABDE-72A21E00AFFA}.Debug|x64.Build.0 = Debug|x64
		{EADA45D7-36D0-4425-ABDE-72A21E00AFFA}.Debug|x86.ActiveCfg = Debug|Win32
		{EADA45D7-36D0-4425-ABDE-72A21E00AFFA}.Debug|x86.Build.0 = Debug|Win32
		{EADA45D7-36D0-4425-ABDE-72A21E00AFFA}.Release|x64.ActiveCfg = Release|x64
		{EADA45D7-36D0-4425-ABDE-72A21E00AFFA}.Release|x64.Build.0 = Release|x64
		{EADA45D7-36D0-4425-ABDE-72A21E00AFFA}.Release|x86.ActiveCfg = Release|Win32
		{EADA45D7-36D0-4425-ABDE-72A21E00AFFA}.Release|x86.Build.0 = Release|Win32
	EndGlobalSection
	GlobalSection(SolutionProperties) = preSolution
		HideSolutionNode = FALSE
	EndGlobalSection
	GlobalSection(ExtensibilityGlobals) = postSolution
		SolutionGuid = {9411624B-A89A-4235-A7E9-E3748C7BEB01}
	EndGlobalSection
EndGlobal
